
Microsoft Visual Studio Solution File, Format Version 12.00
# Visual Studio Version 17
VisualStudioVersion = 17.6.33815.320
MinimumVisualStudioVersion = 10.0.40219.1
Project("{9A19103F-16F7-4668-BE54-9A1E7A4F7556}") = "01-WebApi", "01-WebApi\01-WebApi.csproj", "{F633DF63-62F8-401F-95F0-CC3F9D384AE5}"
EndProject
Project("{9A19103F-16F7-4668-BE54-9A1E7A4F7556}") = "Entities", "Entities\Entities.csproj", "{E6D968D1-E84A-49CA-BDAA-F22A1DCFA907}"
EndProject
Project("{9A19103F-16F7-4668-BE54-9A1E7A4F7556}") = "Ripositories", "Ripositories\Ripositories.csproj", "{EEC97658-A0FD-4A00-8738-0DD66D0E583E}"
EndProject
Project("{9A19103F-16F7-4668-BE54-9A1E7A4F7556}") = "Services", "Services\Services.csproj", "{93133892-9268-454D-8446-459A22B20BAA}"
EndProject
Project("{9A19103F-16F7-4668-BE54-9A1E7A4F7556}") = "Presentation", "Presentation\Presentation.csproj", "{5A6338FF-771A-4731-8731-BFB51FBBA512}"
EndProject
Project("{2150E333-8FDC-42A3-9474-1A3956D46DE8}") = "004-WEBAPİ", "004-WEBAPİ", "{712E0D3F-648D-49A0-B366-6D3F831618B0}"
EndProject
Project("{FAE04EC0-301F-11D3-BF4B-00C04F79EFBC}") = "001-BoşAsp.net", "001-BoşAsp.net\001-BoşAsp.net.csproj", "{28A863DE-04E9-4B37-9794-AC2EAE361376}"
EndProject
Project("{FAE04EC0-301F-11D3-BF4B-00C04F79EFBC}") = "002-ProductApp", "002-ProductApp\002-ProductApp.csproj", "{86884504-E351-4B07-89F2-A9DB84081D74}"
EndProject
Project("{FAE04EC0-301F-11D3-BF4B-00C04F79EFBC}") = "003-BookDemo", "003-BookDemo\003-BookDemo.csproj", "{7A3FA743-100F-4707-9A75-4A9EDBB69E81}"
EndProject
Global
	GlobalSection(SolutionConfigurationPlatforms) = preSolution
		Debug|Any CPU = Debug|Any CPU
		Release|Any CPU = Release|Any CPU
	EndGlobalSection
	GlobalSection(ProjectConfigurationPlatforms) = postSolution
		{F633DF63-62F8-401F-95F0-CC3F9D384AE5}.Debug|Any CPU.ActiveCfg = Debug|Any CPU
		{F633DF63-62F8-401F-95F0-CC3F9D384AE5}.Debug|Any CPU.Build.0 = Debug|Any CPU
		{F633DF63-62F8-401F-95F0-CC3F9D384AE5}.Release|Any CPU.ActiveCfg = Release|Any CPU
		{F633DF63-62F8-401F-95F0-CC3F9D384AE5}.Release|Any CPU.Build.0 = Release|Any CPU
		{E6D968D1-E84A-49CA-BDAA-F22A1DCFA907}.Debug|Any CPU.ActiveCfg = Debug|Any CPU
		{E6D968D1-E84A-49CA-BDAA-F22A1DCFA907}.Debug|Any CPU.Build.0 = Debug|Any CPU
		{E6D968D1-E84A-49CA-BDAA-F22A1DCFA907}.Release|Any CPU.ActiveCfg = Release|Any CPU
		{E6D968D1-E84A-49CA-BDAA-F22A1DCFA907}.Release|Any CPU.Build.0 = Release|Any CPU
		{EEC97658-A0FD-4A00-8738-0DD66D0E583E}.Debug|Any CPU.ActiveCfg = Debug|Any CPU
		{EEC97658-A0FD-4A00-8738-0DD66D0E583E}.Debug|Any CPU.Build.0 = Debug|Any CPU
		{EEC97658-A0FD-4A00-8738-0DD66D0E583E}.Release|Any CPU.ActiveCfg = Release|Any CPU
		{EEC97658-A0FD-4A00-8738-0DD66D0E583E}.Release|Any CPU.Build.0 = Release|Any CPU
		{93133892-9268-454D-8446-459A22B20BAA}.Debug|Any CPU.ActiveCfg = Debug|Any CPU
		{93133892-9268-454D-8446-459A22B20BAA}.Debug|Any CPU.Build.0 = Debug|Any CPU
		{93133892-9268-454D-8446-459A22B20BAA}.Release|Any CPU.ActiveCfg = Release|Any CPU
		{93133892-9268-454D-8446-459A22B20BAA}.Release|Any CPU.Build.0 = Release|Any CPU
		{5A6338FF-771A-4731-8731-BFB51FBBA512}.Debug|Any CPU.ActiveCfg = Debug|Any CPU
		{5A6338FF-771A-4731-8731-BFB51FBBA512}.Debug|Any CPU.Build.0 = Debug|Any CPU
		{5A6338FF-771A-4731-8731-BFB51FBBA512}.Release|Any CPU.ActiveCfg = Release|Any CPU
		{5A6338FF-771A-4731-8731-BFB51FBBA512}.Release|Any CPU.Build.0 = Release|Any CPU
		{28A863DE-04E9-4B37-9794-AC2EAE361376}.Debug|Any CPU.ActiveCfg = Debug|Any CPU
		{28A863DE-04E9-4B37-9794-AC2EAE361376}.Debug|Any CPU.Build.0 = Debug|Any CPU
		{28A863DE-04E9-4B37-9794-AC2EAE361376}.Release|Any CPU.ActiveCfg = Release|Any CPU
		{28A863DE-04E9-4B37-9794-AC2EAE361376}.Release|Any CPU.Build.0 = Release|Any CPU
		{86884504-E351-4B07-89F2-A9DB84081D74}.Debug|Any CPU.ActiveCfg = Debug|Any CPU
		{86884504-E351-4B07-89F2-A9DB84081D74}.Debug|Any CPU.Build.0 = Debug|Any CPU
		{86884504-E351-4B07-89F2-A9DB84081D74}.Release|Any CPU.ActiveCfg = Release|Any CPU
		{86884504-E351-4B07-89F2-A9DB84081D74}.Release|Any CPU.Build.0 = Release|Any CPU
		{7A3FA743-100F-4707-9A75-4A9EDBB69E81}.Debug|Any CPU.ActiveCfg = Debug|Any CPU
		{7A3FA743-100F-4707-9A75-4A9EDBB69E81}.Debug|Any CPU.Build.0 = Debug|Any CPU
		{7A3FA743-100F-4707-9A75-4A9EDBB69E81}.Release|Any CPU.ActiveCfg = Release|Any CPU
		{7A3FA743-100F-4707-9A75-4A9EDBB69E81}.Release|Any CPU.Build.0 = Release|Any CPU
	EndGlobalSection
	GlobalSection(SolutionProperties) = preSolution
		HideSolutionNode = FALSE
	EndGlobalSection
	GlobalSection(NestedProjects) = preSolution
		{F633DF63-62F8-401F-95F0-CC3F9D384AE5} = {712E0D3F-648D-49A0-B366-6D3F831618B0}
		{E6D968D1-E84A-49CA-BDAA-F22A1DCFA907} = {712E0D3F-648D-49A0-B366-6D3F831618B0}
		{EEC97658-A0FD-4A00-8738-0DD66D0E583E} = {712E0D3F-648D-49A0-B366-6D3F831618B0}
		{93133892-9268-454D-8446-459A22B20BAA} = {712E0D3F-648D-49A0-B366-6D3F831618B0}
		{5A6338FF-771A-4731-8731-BFB51FBBA512} = {712E0D3F-648D-49A0-B366-6D3F831618B0}
	EndGlobalSection
	GlobalSection(ExtensibilityGlobals) = postSolution
		SolutionGuid = {21AB8687-C202-440B-90E4-133FE5122B3E}
	EndGlobalSection
EndGlobal
