
Microsoft Visual Studio Solution File, Format Version 12.00
# Visual Studio Version 17
VisualStudioVersion = 17.6.33815.320
MinimumVisualStudioVersion = 10.0.40219.1
Project("{FAE04EC0-301F-11D3-BF4B-00C04F79EFBC}") = "01-WebApi", "01-WebApi\01-WebApi.csproj", "{F633DF63-62F8-401F-95F0-CC3F9D384AE5}"
EndProject
Global
	GlobalSection(SolutionConfigurationPlatforms) = preSolution
		Debug|Any CPU = Debug|Any CPU
		Release|Any CPU = Release|Any CPU
	EndGlobalSection
	GlobalSection(ProjectConfigurationPlatforms) = postSolution
		{F633DF63-62F8-401F-95F0-CC3F9D384AE5}.Debug|Any CPU.ActiveCfg = Debug|Any CPU
		{F633DF63-62F8-401F-95F0-CC3F9D384AE5}.Debug|Any CPU.Build.0 = Debug|Any CPU
		{F633DF63-62F8-401F-95F0-CC3F9D384AE5}.Release|Any CPU.ActiveCfg = Release|Any CPU
		{F633DF63-62F8-401F-95F0-CC3F9D384AE5}.Release|Any CPU.Build.0 = Release|Any CPU
	EndGlobalSection
	GlobalSection(SolutionProperties) = preSolution
		HideSolutionNode = FALSE
	EndGlobalSection
	GlobalSection(ExtensibilityGlobals) = postSolution
		SolutionGuid = {21AB8687-C202-440B-90E4-133FE5122B3E}
	EndGlobalSection
EndGlobal
